{
  "version": 4,
  "terraform_version": "1.3.7",
  "serial": 102,
  "lineage": "f6afa6af-9793-a64c-5d01-02806d3fa9be",
  "outputs": {},
  "resources": [
    {
      "mode": "managed",
      "type": "google_compute_address",
      "name": "static",
      "provider": "provider[\"registry.terraform.io/hashicorp/google\"]",
      "instances": [
        {
          "schema_version": 0,
          "attributes": {
            "address": "34.152.27.34",
            "address_type": "EXTERNAL",
            "creation_timestamp": "2023-03-05T17:13:49.932-08:00",
            "description": "",
            "id": "projects/elt-template-vera/regions/northamerica-northeast1/addresses/vm-external-address",
            "name": "vm-external-address",
            "network": "",
            "network_tier": "PREMIUM",
            "prefix_length": 0,
            "project": "elt-template-vera",
            "purpose": "",
            "region": "northamerica-northeast1",
            "self_link": "https://www.googleapis.com/compute/v1/projects/elt-template-vera/regions/northamerica-northeast1/addresses/vm-external-address",
            "subnetwork": "",
            "timeouts": null,
            "users": [
              "https://www.googleapis.com/compute/v1/projects/elt-template-vera/zones/northamerica-northeast1-b/instances/template-vm"
            ]
          },
          "sensitive_attributes": [],
          "private": "eyJlMmJmYjczMC1lY2FhLTExZTYtOGY4OC0zNDM2M2JjN2M0YzAiOnsiY3JlYXRlIjoxMjAwMDAwMDAwMDAwLCJkZWxldGUiOjEyMDAwMDAwMDAwMDB9fQ=="
        }
      ]
    },
    {
      "mode": "managed",
      "type": "google_compute_firewall",
      "name": "vm_firewall",
      "provider": "provider[\"registry.terraform.io/hashicorp/google\"]",
      "instances": [
        {
          "schema_version": 1,
          "attributes": {
            "allow": [
              {
                "ports": [
                  "4200"
                ],
                "protocol": "udp"
              },
              {
                "ports": [
                  "80",
                  "443",
                  "4200"
                ],
                "protocol": "tcp"
              }
            ],
            "creation_timestamp": "2023-03-05T17:12:58.525-08:00",
            "deny": [],
            "description": "",
            "destination_ranges": [],
            "direction": "INGRESS",
            "disabled": false,
            "enable_logging": null,
            "id": "projects/elt-template-vera/global/firewalls/vm-firewall",
            "log_config": [],
            "name": "vm-firewall",
            "network": "https://www.googleapis.com/compute/v1/projects/elt-template-vera/global/networks/default",
            "priority": 1000,
            "project": "elt-template-vera",
            "self_link": "https://www.googleapis.com/compute/v1/projects/elt-template-vera/global/firewalls/vm-firewall",
            "source_ranges": [
              "0.0.0.0/0"
            ],
            "source_service_accounts": [],
            "source_tags": [],
            "target_service_accounts": [],
            "target_tags": [
              "allow-external"
            ],
            "timeouts": null
          },
          "sensitive_attributes": [],
          "private": "eyJlMmJmYjczMC1lY2FhLTExZTYtOGY4OC0zNDM2M2JjN2M0YzAiOnsiY3JlYXRlIjoxMjAwMDAwMDAwMDAwLCJkZWxldGUiOjEyMDAwMDAwMDAwMDAsInVwZGF0ZSI6MTIwMDAwMDAwMDAwMH0sInNjaGVtYV92ZXJzaW9uIjoiMSJ9",
          "dependencies": [
            "google_compute_address.static",
            "google_compute_instance.vm"
          ]
        }
      ]
    },
    {
      "mode": "managed",
      "type": "google_compute_instance",
      "name": "vm",
      "provider": "provider[\"registry.terraform.io/hashicorp/google\"]",
      "instances": [
        {
          "schema_version": 6,
          "attributes": {
            "advanced_machine_features": [],
            "allow_stopping_for_update": null,
            "attached_disk": [],
            "boot_disk": [
              {
                "auto_delete": true,
                "device_name": "persistent-disk-0",
                "disk_encryption_key_raw": "",
                "disk_encryption_key_sha256": "",
                "initialize_params": [
                  {
                    "image": "https://www.googleapis.com/compute/v1/projects/ubuntu-os-cloud/global/images/ubuntu-2004-focal-v20230104",
                    "labels": {},
                    "size": 10,
                    "type": "pd-standard"
                  }
                ],
                "kms_key_self_link": "",
                "mode": "READ_WRITE",
                "source": "https://www.googleapis.com/compute/v1/projects/elt-template-vera/zones/northamerica-northeast1-b/disks/template-vm"
              }
            ],
            "can_ip_forward": false,
            "confidential_instance_config": [],
            "cpu_platform": "Intel Broadwell",
            "current_status": "RUNNING",
            "deletion_protection": false,
            "description": "",
            "desired_status": null,
            "enable_display": false,
            "guest_accelerator": [],
            "hostname": "",
            "id": "projects/elt-template-vera/zones/northamerica-northeast1-b/instances/template-vm",
            "instance_id": "3435498361282166201",
            "label_fingerprint": "42WmSpB8rSM=",
            "labels": null,
            "machine_type": "e2-small",
            "metadata": {
              "EXTERNAL_VM_IP": "34.152.27.34"
            },
            "metadata_fingerprint": "1Y9isNH8RJE=",
            "metadata_startup_script": "#!/bin/bash\n\ncurl -sSO https://dl.google.com/cloudagents/install-logging-agent.sh sudo bash install-logging-agent.sh\n\nsudo apt-get update -y\nsudo apt-get upgrade -y\nsudo apt-get install -y \\\n    build-essential \\\n    curl \\\n    zlib1g-dev \\\n    libffi-dev \\\n    libssl-dev \\\n    libsqlite3-dev\n\n# Download and compile Python 3.11 from source\nwget https://www.python.org/ftp/python/3.11.0/Python-3.11.0.tgz\ntar xzf Python-3.11.0.tgz\ncd Python-3.11.0\n./configure --enable-optimizations\nmake -j \"$(nproc)\"\nsudo make altinstall\n\nsudo ln -s /usr/bin/python3 /usr/bin/python\npython -m venv prefect-env\nsource prefect-env/bin/activate\npip install prefect==2.8.3\n\nexport EXTERNAL_VM_IP=`curl  -H \"Metadata-Flavor: Google\" \"http://metadata.google.internal/computeMetadata/v1/instance/attributes/PREFECT_API_KEY\"`\n\nprefect config set PREFECT_API_URL=\"http://${EXTERNAL_VM_IP}:4200/api\"\nprefect config view\nprefect orion start --host 0.0.0.0",
            "min_cpu_platform": "",
            "name": "template-vm",
            "network_interface": [
              {
                "access_config": [
                  {
                    "nat_ip": "34.152.27.34",
                    "network_tier": "PREMIUM",
                    "public_ptr_domain_name": ""
                  }
                ],
                "alias_ip_range": [],
                "ipv6_access_config": [],
                "ipv6_access_type": "",
                "name": "nic0",
                "network": "https://www.googleapis.com/compute/v1/projects/elt-template-vera/global/networks/default",
                "network_ip": "10.162.0.36",
                "nic_type": "",
                "queue_count": 0,
                "stack_type": "IPV4_ONLY",
                "subnetwork": "https://www.googleapis.com/compute/v1/projects/elt-template-vera/regions/northamerica-northeast1/subnetworks/default",
                "subnetwork_project": "elt-template-vera"
              }
            ],
            "project": "elt-template-vera",
            "reservation_affinity": [],
            "resource_policies": null,
            "scheduling": [
              {
                "automatic_restart": true,
                "instance_termination_action": "",
                "min_node_cpus": 0,
                "node_affinities": [],
                "on_host_maintenance": "MIGRATE",
                "preemptible": false,
                "provisioning_model": "STANDARD"
              }
            ],
            "scratch_disk": [],
            "self_link": "https://www.googleapis.com/compute/v1/projects/elt-template-vera/zones/northamerica-northeast1-b/instances/template-vm",
            "service_account": [
              {
                "email": "terraform-user@elt-template-vera.iam.gserviceaccount.com",
                "scopes": [
                  "https://www.googleapis.com/auth/cloud-platform"
                ]
              }
            ],
            "shielded_instance_config": [
              {
                "enable_integrity_monitoring": true,
                "enable_secure_boot": false,
                "enable_vtpm": true
              }
            ],
            "tags": [
              "allow-external"
            ],
            "tags_fingerprint": "jAZwcOzzF-Y=",
            "timeouts": null,
            "zone": "northamerica-northeast1-b"
          },
          "sensitive_attributes": [],
          "private": "eyJlMmJmYjczMC1lY2FhLTExZTYtOGY4OC0zNDM2M2JjN2M0YzAiOnsiY3JlYXRlIjoxMjAwMDAwMDAwMDAwLCJkZWxldGUiOjEyMDAwMDAwMDAwMDAsInVwZGF0ZSI6MTIwMDAwMDAwMDAwMH0sInNjaGVtYV92ZXJzaW9uIjoiNiJ9",
          "dependencies": [
            "google_compute_address.static"
          ]
        }
      ]
    }
  ],
  "check_results": null
}
